
Microsoft Visual Studio Solution File, Format Version 12.00
# Visual Studio Version 16
VisualStudioVersion = 16.0.32228.343
MinimumVisualStudioVersion = 10.0.40219.1
Project("{FAE04EC0-301F-11D3-BF4B-00C04F79EFBC}") = "WebAPI", "WebAPI\WebAPI.csproj", "{C9DFBEE8-936C-40AA-8087-F1844F2FA015}"
EndProject
Global
	GlobalSection(SolutionConfigurationPlatforms) = preSolution
		Debug|Any CPU = Debug|Any CPU
		Release|Any CPU = Release|Any CPU
	EndGlobalSection
	GlobalSection(ProjectConfigurationPlatforms) = postSolution
		{C9DFBEE8-936C-40AA-8087-F1844F2FA015}.Debug|Any CPU.ActiveCfg = Debug|Any CPU
		{C9DFBEE8-936C-40AA-8087-F1844F2FA015}.Debug|Any CPU.Build.0 = Debug|Any CPU
		{C9DFBEE8-936C-40AA-8087-F1844F2FA015}.Release|Any CPU.ActiveCfg = Release|Any CPU
		{C9DFBEE8-936C-40AA-8087-F1844F2FA015}.Release|Any CPU.Build.0 = Release|Any CPU
	EndGlobalSection
	GlobalSection(SolutionProperties) = preSolution
		HideSolutionNode = FALSE
	EndGlobalSection
	GlobalSection(ExtensibilityGlobals) = postSolution
		SolutionGuid = {0DEB132B-1A58-463D-B304-DCC7DAE27E3F}
	EndGlobalSection
EndGlobal
